
Microsoft Visual Studio Solution File, Format Version 12.00
# Visual Studio 2013
VisualStudioVersion = 12.0.30723.0
MinimumVisualStudioVersion = 10.0.40219.1
Project("{FAE04EC0-301F-11D3-BF4B-00C04F79EFBC}") = "SocialBetting", "MyBet\SocialBetting.csproj", "{DA8DE578-94F8-4AF5-95E3-0738859481FC}"
EndProject
Project("{FAE04EC0-301F-11D3-BF4B-00C04F79EFBC}") = "SocialBetting.Tests", "MyBet.Tests\SocialBetting.Tests.csproj", "{EB499E03-B3EB-4EFA-82D2-199A9AEC4B4A}"
EndProject
Global
	GlobalSection(SolutionConfigurationPlatforms) = preSolution
		Debug|Any CPU = Debug|Any CPU
		Release|Any CPU = Release|Any CPU
	EndGlobalSection
	GlobalSection(ProjectConfigurationPlatforms) = postSolution
		{DA8DE578-94F8-4AF5-95E3-0738859481FC}.Debug|Any CPU.ActiveCfg = Debug|Any CPU
		{DA8DE578-94F8-4AF5-95E3-0738859481FC}.Debug|Any CPU.Build.0 = Debug|Any CPU
		{DA8DE578-94F8-4AF5-95E3-0738859481FC}.Release|Any CPU.ActiveCfg = Release|Any CPU
		{DA8DE578-94F8-4AF5-95E3-0738859481FC}.Release|Any CPU.Build.0 = Release|Any CPU
		{EB499E03-B3EB-4EFA-82D2-199A9AEC4B4A}.Debug|Any CPU.ActiveCfg = Debug|Any CPU
		{EB499E03-B3EB-4EFA-82D2-199A9AEC4B4A}.Debug|Any CPU.Build.0 = Debug|Any CPU
		{EB499E03-B3EB-4EFA-82D2-199A9AEC4B4A}.Release|Any CPU.ActiveCfg = Release|Any CPU
		{EB499E03-B3EB-4EFA-82D2-199A9AEC4B4A}.Release|Any CPU.Build.0 = Release|Any CPU
	EndGlobalSection
	GlobalSection(SolutionProperties) = preSolution
		HideSolutionNode = FALSE
	EndGlobalSection
EndGlobal
